
Microsoft Visual Studio Solution File, Format Version 12.00
# Visual Studio Version 17
VisualStudioVersion = 17.10.35013.160
MinimumVisualStudioVersion = 10.0.40219.1
Project("{9A19103F-16F7-4668-BE54-9A1E7A4F7556}") = "Bin2Dec", "Bin2Dec\Bin2Dec.csproj", "{FEC32AF1-FD65-46FD-AE1F-8D1DFFAAC52A}"
EndProject
Project("{9A19103F-16F7-4668-BE54-9A1E7A4F7556}") = "Pathman", "Pathman\Pathman.csproj", "{7025F3B3-1651-4305-9582-927F73EA9A9D}"
EndProject
Project("{9A19103F-16F7-4668-BE54-9A1E7A4F7556}") = "MarkdownEditor", "MarkdownEditor\MarkdownEditor.csproj", "{880910EF-AD3A-4283-983D-80E5A882DDEE}"
EndProject
Project("{9A19103F-16F7-4668-BE54-9A1E7A4F7556}") = "MinimalMediator", "MinimalMediator\MinimalMediator.csproj", "{8ADA07C8-6EA0-4D9A-BED7-64259D410EBA}"
EndProject
Project("{FAE04EC0-301F-11D3-BF4B-00C04F79EFBC}") = "ConfigurationStorage", "ConfigurationStorage\ConfigurationStorage.csproj", "{8A25F500-AE4F-47B7-A895-2D44FF5C0D8A}"
EndProject
Global
	GlobalSection(SolutionConfigurationPlatforms) = preSolution
		Debug|Any CPU = Debug|Any CPU
		Release|Any CPU = Release|Any CPU
	EndGlobalSection
	GlobalSection(ProjectConfigurationPlatforms) = postSolution
		{FEC32AF1-FD65-46FD-AE1F-8D1DFFAAC52A}.Debug|Any CPU.ActiveCfg = Debug|Any CPU
		{FEC32AF1-FD65-46FD-AE1F-8D1DFFAAC52A}.Debug|Any CPU.Build.0 = Debug|Any CPU
		{FEC32AF1-FD65-46FD-AE1F-8D1DFFAAC52A}.Release|Any CPU.ActiveCfg = Release|Any CPU
		{FEC32AF1-FD65-46FD-AE1F-8D1DFFAAC52A}.Release|Any CPU.Build.0 = Release|Any CPU
		{7025F3B3-1651-4305-9582-927F73EA9A9D}.Debug|Any CPU.ActiveCfg = Debug|Any CPU
		{7025F3B3-1651-4305-9582-927F73EA9A9D}.Debug|Any CPU.Build.0 = Debug|Any CPU
		{7025F3B3-1651-4305-9582-927F73EA9A9D}.Release|Any CPU.ActiveCfg = Release|Any CPU
		{7025F3B3-1651-4305-9582-927F73EA9A9D}.Release|Any CPU.Build.0 = Release|Any CPU
		{880910EF-AD3A-4283-983D-80E5A882DDEE}.Debug|Any CPU.ActiveCfg = Debug|Any CPU
		{880910EF-AD3A-4283-983D-80E5A882DDEE}.Debug|Any CPU.Build.0 = Debug|Any CPU
		{880910EF-AD3A-4283-983D-80E5A882DDEE}.Release|Any CPU.ActiveCfg = Release|Any CPU
		{880910EF-AD3A-4283-983D-80E5A882DDEE}.Release|Any CPU.Build.0 = Release|Any CPU
		{8ADA07C8-6EA0-4D9A-BED7-64259D410EBA}.Debug|Any CPU.ActiveCfg = Debug|Any CPU
		{8ADA07C8-6EA0-4D9A-BED7-64259D410EBA}.Debug|Any CPU.Build.0 = Debug|Any CPU
		{8ADA07C8-6EA0-4D9A-BED7-64259D410EBA}.Release|Any CPU.ActiveCfg = Release|Any CPU
		{8ADA07C8-6EA0-4D9A-BED7-64259D410EBA}.Release|Any CPU.Build.0 = Release|Any CPU
		{8A25F500-AE4F-47B7-A895-2D44FF5C0D8A}.Debug|Any CPU.ActiveCfg = Debug|Any CPU
		{8A25F500-AE4F-47B7-A895-2D44FF5C0D8A}.Debug|Any CPU.Build.0 = Debug|Any CPU
		{8A25F500-AE4F-47B7-A895-2D44FF5C0D8A}.Release|Any CPU.ActiveCfg = Release|Any CPU
		{8A25F500-AE4F-47B7-A895-2D44FF5C0D8A}.Release|Any CPU.Build.0 = Release|Any CPU
	EndGlobalSection
	GlobalSection(SolutionProperties) = preSolution
		HideSolutionNode = FALSE
	EndGlobalSection
	GlobalSection(ExtensibilityGlobals) = postSolution
		SolutionGuid = {D869C53F-8FBD-455B-AAB5-D68B910606D3}
	EndGlobalSection
EndGlobal
